
Microsoft Visual Studio Solution File, Format Version 12.00
# Visual Studio Version 17
VisualStudioVersion = 17.4.33213.308
MinimumVisualStudioVersion = 10.0.40219.1
Project("{FAE04EC0-301F-11D3-BF4B-00C04F79EFBC}") = "Kasbot", "Kasbot.csproj", "{70A0CD18-5914-4104-A1A1-C531B96FCC20}"
EndProject
Global
	GlobalSection(SolutionConfigurationPlatforms) = preSolution
		Debug|Any CPU = Debug|Any CPU
		Release|Any CPU = Release|Any CPU
	EndGlobalSection
	GlobalSection(ProjectConfigurationPlatforms) = postSolution
		{70A0CD18-5914-4104-A1A1-C531B96FCC20}.Debug|Any CPU.ActiveCfg = Debug|Any CPU
		{70A0CD18-5914-4104-A1A1-C531B96FCC20}.Debug|Any CPU.Build.0 = Debug|Any CPU
		{70A0CD18-5914-4104-A1A1-C531B96FCC20}.Release|Any CPU.ActiveCfg = Release|Any CPU
		{70A0CD18-5914-4104-A1A1-C531B96FCC20}.Release|Any CPU.Build.0 = Release|Any CPU
	EndGlobalSection
	GlobalSection(SolutionProperties) = preSolution
		HideSolutionNode = FALSE
	EndGlobalSection
	GlobalSection(ExtensibilityGlobals) = postSolution
		SolutionGuid = {65C82F99-E6D5-41DC-AA40-7B12A66657BF}
	EndGlobalSection
EndGlobal
